
Microsoft Visual Studio Solution File, Format Version 12.00
# Visual Studio Version 17
VisualStudioVersion = 17.1.31911.260
MinimumVisualStudioVersion = 10.0.40219.1
Project("{FAE04EC0-301F-11D3-BF4B-00C04F79EFBC}") = "Data_Access", "Data_Access\Data_Access.csproj", "{147142BE-E971-4E1A-BFF7-539239D66AAE}"
EndProject
Global
	GlobalSection(SolutionConfigurationPlatforms) = preSolution
		Debug|Any CPU = Debug|Any CPU
		Release|Any CPU = Release|Any CPU
	EndGlobalSection
	GlobalSection(ProjectConfigurationPlatforms) = postSolution
		{147142BE-E971-4E1A-BFF7-539239D66AAE}.Debug|Any CPU.ActiveCfg = Debug|Any CPU
		{147142BE-E971-4E1A-BFF7-539239D66AAE}.Debug|Any CPU.Build.0 = Debug|Any CPU
		{147142BE-E971-4E1A-BFF7-539239D66AAE}.Release|Any CPU.ActiveCfg = Release|Any CPU
		{147142BE-E971-4E1A-BFF7-539239D66AAE}.Release|Any CPU.Build.0 = Release|Any CPU
	EndGlobalSection
	GlobalSection(SolutionProperties) = preSolution
		HideSolutionNode = FALSE
	EndGlobalSection
	GlobalSection(ExtensibilityGlobals) = postSolution
		SolutionGuid = {2A3B394F-6C29-4DCB-AF68-027B5D6C30BF}
	EndGlobalSection
EndGlobal
